// !$*UTF8*$!
{
	archiveVersion = 1;
	classes = {
	};
	objectVersion = 50;
	objects = {

/* Begin PBXBuildFile section */
		3951E12A246D7F9800DF2200 /* AppDelegate.swift in Sources */ = {isa = PBXBuildFile; fileRef = 3951E129246D7F9800DF2200 /* AppDelegate.swift */; };
		3951E12C246D7F9800DF2200 /* SceneDelegate.swift in Sources */ = {isa = PBXBuildFile; fileRef = 3951E12B246D7F9800DF2200 /* SceneDelegate.swift */; };
		3951E12E246D7F9800DF2200 /* ContentView.swift in Sources */ = {isa = PBXBuildFile; fileRef = 3951E12D246D7F9800DF2200 /* ContentView.swift */; };
		3951E130246D7F9D00DF2200 /* Assets.xcassets in Resources */ = {isa = PBXBuildFile; fileRef = 3951E12F246D7F9D00DF2200 /* Assets.xcassets */; };
		3951E133246D7F9D00DF2200 /* Preview Assets.xcassets in Resources */ = {isa = PBXBuildFile; fileRef = 3951E132246D7F9D00DF2200 /* Preview Assets.xcassets */; };
		3951E136246D7F9D00DF2200 /* LaunchScreen.storyboard in Resources */ = {isa = PBXBuildFile; fileRef = 3951E134246D7F9D00DF2200 /* LaunchScreen.storyboard */; };
/* End PBXBuildFile section */

/* Begin PBXFileReference section */
		3951E126246D7F9800DF2200 /* HorizontalScrollingItems.app */ = {isa = PBXFileReference; explicitFileType = wrapper.application; includeInIndex = 0; path = HorizontalScrollingItems.app; sourceTree = BUILT_PRODUCTS_DIR; };
		3951E129246D7F9800DF2200 /* AppDelegate.swift */ = {isa = PBXFileReference; lastKnownFileType = sourcecode.swift; path = AppDelegate.swift; sourceTree = "<group>"; };
		3951E12B246D7F9800DF2200 /* SceneDelegate.swift */ = {isa = PBXFileReference; lastKnownFileType = sourcecode.swift; path = SceneDelegate.swift; sourceTree = "<group>"; };
		3951E12D246D7F9800DF2200 /* ContentView.swift */ = {isa = PBXFileReference; lastKnownFileType = sourcecode.swift; path = ContentView.swift; sourceTree = "<group>"; };
		3951E12F246D7F9D00DF2200 /* Assets.xcassets */ = {isa = PBXFileReference; lastKnownFileType = folder.assetcatalog; path = Assets.xcassets; sourceTree = "<group>"; };
		3951E132246D7F9D00DF2200 /* Preview Assets.xcassets */ = {isa = PBXFileReference; lastKnownFileType = folder.assetcatalog; path = "Preview Assets.xcassets"; sourceTree = "<group>"; };
		3951E135246D7F9D00DF2200 /* Base */ = {isa = PBXFileReference; lastKnownFileType = file.storyboard; name = Base; path = Base.lproj/LaunchScreen.storyboard; sourceTree = "<group>"; };
		3951E137246D7F9D00DF2200 /* Info.plist */ = {isa = PBXFileReference; lastKnownFileType = text.plist.xml; path = Info.plist; sourceTree = "<group>"; };
/* End PBXFileReference section */

/* Begin PBXFrameworksBuildPhase section */
		3951E123246D7F9800DF2200 /* Frameworks */ = {
			isa = PBXFrameworksBuildPhase;
			buildActionMask = 2147483647;
			files = (
			);
			runOnlyForDeploymentPostprocessing = 0;
		};
/* End PBXFrameworksBuildPhase section */

/* Begin PBXGroup section */
		3951E11D246D7F9800DF2200 = {
			isa = PBXGroup;
			children = (
				3951E128246D7F9800DF2200 /* HorizontalScrollingItems */,
				3951E127246D7F9800DF2200 /* Products */,
			);
			sourceTree = "<group>";
		};
		3951E127246D7F9800DF2200 /* Products */ = {
			isa = PBXGroup;
			children = (
				3951E126246D7F9800DF2200 /* HorizontalScrollingItems.app */,
			);
			name = Products;
			sourceTree = "<group>";
		};
		3951E128246D7F9800DF2200 /* HorizontalScrollingItems */ = {
			isa = PBXGroup;
			children = (
				3951E129246D7F9800DF2200 /* AppDelegate.swift */,
				3951E12B246D7F9800DF2200 /* SceneDelegate.swift */,
				3951E12D246D7F9800DF2200 /* ContentView.swift */,
				3951E12F246D7F9D00DF2200 /* Assets.xcassets */,
				3951E134246D7F9D00DF2200 /* LaunchScreen.storyboard */,
				3951E137246D7F9D00DF2200 /* Info.plist */,
				3951E131246D7F9D00DF2200 /* Preview Content */,
			);
			path = HorizontalScrollingItems;
			sourceTree = "<group>";
		};
		3951E131246D7F9D00DF2200 /* Preview Content */ = {
			isa = PBXGroup;
			children = (
				3951E132246D7F9D00DF2200 /* Preview Assets.xcassets */,
			);
			path = "Preview Content";
			sourceTree = "<group>";
		};
/* End PBXGroup section */

/* Begin PBXNativeTarget section */
		3951E125246D7F9800DF2200 /* HorizontalScrollingItems */ = {
			isa = PBXNativeTarget;
			buildConfigurationList = 3951E13A246D7F9D00DF2200 /* Build configuration list for PBXNativeTarget "HorizontalScrollingItems" */;
			buildPhases = (
				3951E122246D7F9800DF2200 /* Sources */,
				3951E123246D7F9800DF2200 /* Frameworks */,
				3951E124246D7F9800DF2200 /* Resources */,
			);
			buildRules = (
			);
			dependencies = (
			);
			name = HorizontalScrollingItems;
			productName = HorizontalScrollingItems;
			productReference = 3951E126246D7F9800DF2200 /* HorizontalScrollingItems.app */;
			productType = "com.apple.product-type.application";
		};
/* End PBXNativeTarget section */

/* Begin PBXProject section */
		3951E11E246D7F9800DF2200 /* Project object */ = {
			isa = PBXProject;
			attributes = {
				LastSwiftUpdateCheck = 1140;
				LastUpgradeCheck = 1140;
				ORGANIZATIONNAME = "Tan, Lawrence";
				TargetAttributes = {
					3951E125246D7F9800DF2200 = {
						CreatedOnToolsVersion = 11.4.1;
					};
				};
			};
			buildConfigurationList = 3951E121246D7F9800DF2200 /* Build configuration list for PBXProject "HorizontalScrollingItems" */;
			compatibilityVersion = "Xcode 9.3";
			developmentRegion = en;
			hasScannedForEncodings = 0;
			knownRegions = (
				en,
				Base,
			);
			mainGroup = 3951E11D246D7F9800DF2200;
			productRefGroup = 3951E127246D7F9800DF2200 /* Products */;
			projectDirPath = "";
			projectRoot = "";
			targets = (
				3951E125246D7F9800DF2200 /* HorizontalScrollingItems */,
			);
		};
/* End PBXProject section */

/* Begin PBXResourcesBuildPhase section */
		3951E124246D7F9800DF2200 /* Resources */ = {
			isa = PBXResourcesBuildPhase;
			buildActionMask = 2147483647;
			files = (
				3951E136246D7F9D00DF2200 /* LaunchScreen.storyboard in Resources */,
				3951E133246D7F9D00DF2200 /* Preview Assets.xcassets in Resources */,
				3951E130246D7F9D00DF2200 /* Assets.xcassets in Resources */,
			);
			runOnlyForDeploymentPostprocessing = 0;
		};
/* End PBXResourcesBuildPhase section */

/* Begin PBXSourcesBuildPhase section */
		3951E122246D7F9800DF2200 /* Sources */ = {
			isa = PBXSourcesBuildPhase;
			buildActionMask = 2147483647;
			files = (
				3951E12A246D7F9800DF2200 /* AppDelegate.swift in Sources */,
				3951E12C246D7F9800DF2200 /* SceneDelegate.swift in Sources */,
				3951E12E246D7F9800DF2200 /* ContentView.swift in Sources */,
			);
			runOnlyForDeploymentPostprocessing = 0;
		};
/* End PBXSourcesBuildPhase section */

/* Begin PBXVariantGroup section */
		3951E134246D7F9D00DF2200 /* LaunchScreen.storyboard */ = {
			isa = PBXVariantGroup;
			children = (
				3951E135246D7F9D00DF2200 /* Base */,
			);
			name = LaunchScreen.storyboard;
			sourceTree = "<group>";
		};
/* End PBXVariantGroup section */

/* Begin XCBuildConfiguration section */
		3951E138246D7F9D00DF2200 /* Debug */ = {
			isa = XCBuildConfiguration;
			buildSettings = {
				ALWAYS_SEARCH_USER_PATHS = NO;
				CLANG_ANALYZER_NONNULL = YES;
				CLANG_ANALYZER_NUMBER_OBJECT_CONVERSION = YES_AGGRESSIVE;
				CLANG_CXX_LANGUAGE_STANDARD = "gnu++14";
				CLANG_CXX_LIBRARY = "libc++";
				CLANG_ENABLE_MODULES = YES;
				CLANG_ENABLE_OBJC_ARC = YES;
				CLANG_ENABLE_OBJC_WEAK = YES;
				CLANG_WARN_BLOCK_CAPTURE_AUTORELEASING = YES;
				CLANG_WARN_BOOL_CONVERSION = YES;
				CLANG_WARN_COMMA = YES;
				CLANG_WARN_CONSTANT_CONVERSION = YES;
				CLANG_WARN_DEPRECATED_OBJC_IMPLEMENTATIONS = YES;
				CLANG_WARN_DIRECT_OBJC_ISA_USAGE = YES_ERROR;
				CLANG_WARN_DOCUMENTATION_COMMENTS = YES;
				CLANG_WARN_EMPTY_BODY = YES;
				CLANG_WARN_ENUM_CONVERSION = YES;
				CLANG_WARN_INFINITE_RECURSION = YES;
				CLANG_WARN_INT_CONVERSION = YES;
				CLANG_WARN_NON_LITERAL_NULL_CONVERSION = YES;
				CLANG_WARN_OBJC_IMPLICIT_RETAIN_SELF = YES;
				CLANG_WARN_OBJC_LITERAL_CONVERSION = YES;
				CLANG_WARN_OBJC_ROOT_CLASS = YES_ERROR;
				CLANG_WARN_RANGE_LOOP_ANALYSIS = YES;
				CLANG_WARN_STRICT_PROTOTYPES = YES;
				CLANG_WARN_SUSPICIOUS_MOVE = YES;
				CLANG_WARN_UNGUARDED_AVAILABILITY = YES_AGGRESSIVE;
				CLANG_WARN_UNREACHABLE_CODE = YES;
				CLANG_WARN__DUPLICATE_METHOD_MATCH = YES;
				COPY_PHASE_STRIP = NO;
				DEBUG_INFORMATION_FORMAT = dwarf;
				ENABLE_STRICT_OBJC_MSGSEND = YES;
				ENABLE_TESTABILITY = YES;
				GCC_C_LANGUAGE_STANDARD = gnu11;
				GCC_DYNAMIC_NO_PIC = NO;
				GCC_NO_COMMON_BLOCKS = YES;
				GCC_OPTIMIZATION_LEVEL = 0;
				GCC_PREPROCESSOR_DEFINITIONS = (
					"DEBUG=1",
					"$(inherited)",
				);
				GCC_WARN_64_TO_32_BIT_CONVERSION = YES;
				GCC_WARN_ABOUT_RETURN_TYPE = YES_ERROR;
				GCC_WARN_UNDECLARED_SELECTOR = YES;
				GCC_WARN_UNINITIALIZED_AUTOS = YES_AGGRESSIVE;
				GCC_WARN_UNUSED_FUNCTION = YES;
				GCC_WARN_UNUSED_VARIABLE = YES;
				IPHONEOS_DEPLOYMENT_TARGET = 13.4;
				MTL_ENABLE_DEBUG_INFO = INCLUDE_SOURCE;
				MTL_FAST_MATH = YES;
				ONLY_ACTIVE_ARCH = YES;
				SDKROOT = iphoneos;
				SWIFT_ACTIVE_COMPILATION_CONDITIONS = DEBUG;
				SWIFT_OPTIMIZATION_LEVEL = "-Onone";
			};
			name = Debug;
		};
		3951E139246D7F9D00DF2200 /* Release */ = {
			isa = XCBuildConfiguration;
			buildSettings = {
				ALWAYS_SEARCH_USER_PATHS = NO;
				CLANG_ANALYZER_NONNULL = YES;
				CLANG_ANALYZER_NUMBER_OBJECT_CONVERSION = YES_AGGRESSIVE;
				CLANG_CXX_LANGUAGE_STANDARD = "gnu++14";
				CLANG_CXX_LIBRARY = "libc++";
				CLANG_ENABLE_MODULES = YES;
				CLANG_ENABLE_OBJC_ARC = YES;
				CLANG_ENABLE_OBJC_WEAK = YES;
				CLANG_WARN_BLOCK_CAPTURE_AUTORELEASING = YES;
				CLANG_WARN_BOOL_CONVERSION = YES;
				CLANG_WARN_COMMA = YES;
				CLANG_WARN_CONSTANT_CONVERSION = YES;
				CLANG_WARN_DEPRECATED_OBJC_IMPLEMENTATIONS = YES;
				CLANG_WARN_DIRECT_OBJC_ISA_USAGE = YES_ERROR;
				CLANG_WARN_DOCUMENTATION_COMMENTS = YES;
				CLANG_WARN_EMPTY_BODY = YES;
				CLANG_WARN_ENUM_CONVERSION = YES;
				CLANG_WARN_INFINITE_RECURSION = YES;
				CLANG_WARN_INT_CONVERSION = YES;
				CLANG_WARN_NON_LITERAL_NULL_CONVERSION = YES;
				CLANG_WARN_OBJC_IMPLICIT_RETAIN_SELF = YES;
				CLANG_WARN_OBJC_LITERAL_CONVERSION = YES;
				CLANG_WARN_OBJC_ROOT_CLASS = YES_ERROR;
				CLANG_WARN_RANGE_LOOP_ANALYSIS = YES;
				CLANG_WARN_STRICT_PROTOTYPES = YES;
				CLANG_WARN_SUSPICIOUS_MOVE = YES;
				CLANG_WARN_UNGUARDED_AVAILABILITY = YES_AGGRESSIVE;
				CLANG_WARN_UNREACHABLE_CODE = YES;
				CLANG_WARN__DUPLICATE_METHOD_MATCH = YES;
				COPY_PHASE_STRIP = NO;
				DEBUG_INFORMATION_FORMAT = "dwarf-with-dsym";
				ENABLE_NS_ASSERTIONS = NO;
				ENABLE_STRICT_OBJC_MSGSEND = YES;
				GCC_C_LANGUAGE_STANDARD = gnu11;
				GCC_NO_COMMON_BLOCKS = YES;
				GCC_WARN_64_TO_32_BIT_CONVERSION = YES;
				GCC_WARN_ABOUT_RETURN_TYPE = YES_ERROR;
				GCC_WARN_UNDECLARED_SELECTOR = YES;
				GCC_WARN_UNINITIALIZED_AUTOS = YES_AGGRESSIVE;
				GCC_WARN_UNUSED_FUNCTION = YES;
				GCC_WARN_UNUSED_VARIABLE = YES;
				IPHONEOS_DEPLOYMENT_TARGET = 13.4;
				MTL_ENABLE_DEBUG_INFO = NO;
				MTL_FAST_MATH = YES;
				SDKROOT = iphoneos;
				SWIFT_COMPILATION_MODE = wholemodule;
				SWIFT_OPTIMIZATION_LEVEL = "-O";
				VALIDATE_PRODUCT = YES;
			};
			name = Release;
		};
		3951E13B246D7F9D00DF2200 /* Debug */ = {
			isa = XCBuildConfiguration;
			buildSettings = {
				ASSETCATALOG_COMPILER_APPICON_NAME = AppIcon;
				CODE_SIGN_STYLE = Automatic;
				DEVELOPMENT_ASSET_PATHS = "\"HorizontalScrollingItems/Preview Content\"";
				ENABLE_PREVIEWS = YES;
				INFOPLIST_FILE = HorizontalScrollingItems/Info.plist;
				LD_RUNPATH_SEARCH_PATHS = (
					"$(inherited)",
					"@executable_path/Frameworks",
				);
				PRODUCT_BUNDLE_IDENTIFIER = com.lawrey.HorizontalScrollingItems;
				PRODUCT_NAME = "$(TARGET_NAME)";
				SWIFT_VERSION = 5.0;
				TARGETED_DEVICE_FAMILY = "1,2";
			};
			name = Debug;
		};
		3951E13C246D7F9D00DF2200 /* Release */ = {
			isa = XCBuildConfiguration;
			buildSettings = {
				ASSETCATALOG_COMPILER_APPICON_NAME = AppIcon;
				CODE_SIGN_STYLE = Automatic;
				DEVELOPMENT_ASSET_PATHS = "\"HorizontalScrollingItems/Preview Content\"";
				ENABLE_PREVIEWS = YES;
				INFOPLIST_FILE = HorizontalScrollingItems/Info.plist;
				LD_RUNPATH_SEARCH_PATHS = (
					"$(inherited)",
					"@executable_path/Frameworks",
				);
				PRODUCT_BUNDLE_IDENTIFIER = com.lawrey.HorizontalScrollingItems;
				PRODUCT_NAME = "$(TARGET_NAME)";
				SWIFT_VERSION = 5.0;
				TARGETED_DEVICE_FAMILY = "1,2";
			};
			name = Release;
		};
/* End XCBuildConfiguration section */

/* Begin XCConfigurationList section */
		3951E121246D7F9800DF2200 /* Build configuration list for PBXProject "HorizontalScrollingItems" */ = {
			isa = XCConfigurationList;
			buildConfigurations = (
				3951E138246D7F9D00DF2200 /* Debug */,
				3951E139246D7F9D00DF2200 /* Release */,
			);
			defaultConfigurationIsVisible = 0;
			defaultConfigurationName = Release;
		};
		3951E13A246D7F9D00DF2200 /* Build configuration list for PBXNativeTarget "HorizontalScrollingItems" */ = {
			isa = XCConfigurationList;
			buildConfigurations = (
				3951E13B246D7F9D00DF2200 /* Debug */,
				3951E13C246D7F9D00DF2200 /* Release */,
			);
			defaultConfigurationIsVisible = 0;
			defaultConfigurationName = Release;
		};
/* End XCConfigurationList section */
	};
	rootObject = 3951E11E246D7F9800DF2200 /* Project object */;
}
